
Microsoft Visual Studio Solution File, Format Version 12.00
# Visual Studio Version 16
VisualStudioVersion = 16.0.31019.35
MinimumVisualStudioVersion = 10.0.40219.1
Project("{FAE04EC0-301F-11D3-BF4B-00C04F79EFBC}") = "EntityFrameWorkIntro", "EntityFrameWorkIntro\EntityFrameWorkIntro.csproj", "{4AEDFB71-F057-436C-8F34-868CC6A297CF}"
EndProject
Global
	GlobalSection(SolutionConfigurationPlatforms) = preSolution
		Debug|Any CPU = Debug|Any CPU
		Release|Any CPU = Release|Any CPU
	EndGlobalSection
	GlobalSection(ProjectConfigurationPlatforms) = postSolution
		{4AEDFB71-F057-436C-8F34-868CC6A297CF}.Debug|Any CPU.ActiveCfg = Debug|Any CPU
		{4AEDFB71-F057-436C-8F34-868CC6A297CF}.Debug|Any CPU.Build.0 = Debug|Any CPU
		{4AEDFB71-F057-436C-8F34-868CC6A297CF}.Release|Any CPU.ActiveCfg = Release|Any CPU
		{4AEDFB71-F057-436C-8F34-868CC6A297CF}.Release|Any CPU.Build.0 = Release|Any CPU
	EndGlobalSection
	GlobalSection(SolutionProperties) = preSolution
		HideSolutionNode = FALSE
	EndGlobalSection
	GlobalSection(ExtensibilityGlobals) = postSolution
		SolutionGuid = {78D13BD2-BE22-48DF-BFA1-0199302157CF}
	EndGlobalSection
EndGlobal
